{
  "name": "SmartFootball",
  "lockfileVersion": 3,
  "requires": true,
  "packages": {
    "": {
      "dependencies": {
        "tailwindcss": "^4.1.5"
      },
      "devDependencies": {
        "@types/node": "^22.15.3",
        "@types/tailwindcss": "^3.0.11"
      }
    },
    "node_modules/@types/node": {
      "version": "22.15.3",
      "resolved": "https://registry.npmjs.org/@types/node/-/node-22.15.3.tgz",
      "integrity": "sha512-lX7HFZeHf4QG/J7tBZqrCAXwz9J5RD56Y6MpP0eJkka8p+K0RY/yBTW7CYFJ4VGCclxqOLKmiGP5juQc6MKgcw==",
      "dev": true,
      "license": "MIT",
      "dependencies": {
        "undici-types": "~6.21.0"
      }
    },
    "node_modules/@types/tailwindcss": {
      "version": "3.0.11",
      "resolved": "https://registry.npmjs.org/@types/tailwindcss/-/tailwindcss-3.0.11.tgz",
      "integrity": "sha512-PR+BOIrI+rxteHwFvkfIOty+PDJwTG4ute3alxSSXpF/xKpryO1room265m46Auyae0VwqUYs3PuVEOF9Oil3w==",
      "dev": true,
      "license": "MIT"
    },
    "node_modules/tailwindcss": {
      "version": "4.1.5",
      "resolved": "https://registry.npmjs.org/tailwindcss/-/tailwindcss-4.1.5.tgz",
      "integrity": "sha512-nYtSPfWGDiWgCkwQG/m+aX83XCwf62sBgg3bIlNiiOcggnS1x3uVRDAuyelBFL+vJdOPPCGElxv9DjHJjRHiVA==",
      "license": "MIT"
    },
    "node_modules/undici-types": {
      "version": "6.21.0",
      "resolved": "https://registry.npmjs.org/undici-types/-/undici-types-6.21.0.tgz",
      "integrity": "sha512-iwDZqg0QAGrg9Rav5H4n0M64c3mkR59cJ6wQp+7C4nI0gsmExaedaYLNO44eT4AtBBwjbTiGPMlt2Md0T9H9JQ==",
      "dev": true,
      "license": "MIT"
    }
  }
}
